
Microsoft Visual Studio Solution File, Format Version 12.00
# Visual Studio Version 16
VisualStudioVersion = 16.0.809.5
MinimumVisualStudioVersion = 10.0.40219.1
Project("{FAE04EC0-301F-11D3-BF4B-00C04F79EFBC}") = "DiscordBuild", "DiscordBuild\DiscordBuild.csproj", "{33C813BC-61B7-4457-AB24-6723AC578BAA}"
EndProject
Global
	GlobalSection(SolutionConfigurationPlatforms) = preSolution
		Debug|Any CPU = Debug|Any CPU
		Release|Any CPU = Release|Any CPU
	EndGlobalSection
	GlobalSection(ProjectConfigurationPlatforms) = postSolution
		{33C813BC-61B7-4457-AB24-6723AC578BAA}.Debug|Any CPU.ActiveCfg = Debug|Any CPU
		{33C813BC-61B7-4457-AB24-6723AC578BAA}.Debug|Any CPU.Build.0 = Debug|Any CPU
		{33C813BC-61B7-4457-AB24-6723AC578BAA}.Release|Any CPU.ActiveCfg = Release|Any CPU
		{33C813BC-61B7-4457-AB24-6723AC578BAA}.Release|Any CPU.Build.0 = Release|Any CPU
	EndGlobalSection
	GlobalSection(SolutionProperties) = preSolution
		HideSolutionNode = FALSE
	EndGlobalSection
	GlobalSection(ExtensibilityGlobals) = postSolution
		SolutionGuid = {F59FF663-5830-4DFB-97FD-D751DC74DDAF}
	EndGlobalSection
EndGlobal
